
Microsoft Visual Studio Solution File, Format Version 12.00
# Visual Studio Version 16
VisualStudioVersion = 16.0.31624.102
MinimumVisualStudioVersion = 10.0.40219.1
Project("{FAE04EC0-301F-11D3-BF4B-00C04F79EFBC}") = "Laboratornaya 5", "Laboratornaya 5\Laboratornaya 5.csproj", "{B5D63C13-5112-4CC0-AFC9-1AAE09240F70}"
EndProject
Global
	GlobalSection(SolutionConfigurationPlatforms) = preSolution
		Debug|Any CPU = Debug|Any CPU
		Release|Any CPU = Release|Any CPU
	EndGlobalSection
	GlobalSection(ProjectConfigurationPlatforms) = postSolution
		{B5D63C13-5112-4CC0-AFC9-1AAE09240F70}.Debug|Any CPU.ActiveCfg = Debug|Any CPU
		{B5D63C13-5112-4CC0-AFC9-1AAE09240F70}.Debug|Any CPU.Build.0 = Debug|Any CPU
		{B5D63C13-5112-4CC0-AFC9-1AAE09240F70}.Release|Any CPU.ActiveCfg = Release|Any CPU
		{B5D63C13-5112-4CC0-AFC9-1AAE09240F70}.Release|Any CPU.Build.0 = Release|Any CPU
	EndGlobalSection
	GlobalSection(SolutionProperties) = preSolution
		HideSolutionNode = FALSE
	EndGlobalSection
	GlobalSection(ExtensibilityGlobals) = postSolution
		SolutionGuid = {5040DFF3-8602-41C4-B53B-B53D2189D2C9}
	EndGlobalSection
EndGlobal
